
Microsoft Visual Studio Solution File, Format Version 12.00
# Visual Studio Version 16
VisualStudioVersion = 16.0.30717.126
MinimumVisualStudioVersion = 10.0.40219.1
Project("{FAE04EC0-301F-11D3-BF4B-00C04F79EFBC}") = "dotnet-wechaty-getting-started", "dotnet-wechaty-getting-started\dotnet-wechaty-getting-started.csproj", "{BC3A50B0-B0E3-4FB3-9877-FF617EA5B33A}"
EndProject
Global
	GlobalSection(SolutionConfigurationPlatforms) = preSolution
		Debug|Any CPU = Debug|Any CPU
		Release|Any CPU = Release|Any CPU
	EndGlobalSection
	GlobalSection(ProjectConfigurationPlatforms) = postSolution
		{BC3A50B0-B0E3-4FB3-9877-FF617EA5B33A}.Debug|Any CPU.ActiveCfg = Debug|Any CPU
		{BC3A50B0-B0E3-4FB3-9877-FF617EA5B33A}.Debug|Any CPU.Build.0 = Debug|Any CPU
		{BC3A50B0-B0E3-4FB3-9877-FF617EA5B33A}.Release|Any CPU.ActiveCfg = Release|Any CPU
		{BC3A50B0-B0E3-4FB3-9877-FF617EA5B33A}.Release|Any CPU.Build.0 = Release|Any CPU
	EndGlobalSection
	GlobalSection(SolutionProperties) = preSolution
		HideSolutionNode = FALSE
	EndGlobalSection
	GlobalSection(ExtensibilityGlobals) = postSolution
		SolutionGuid = {DF19807E-5D73-4B68-9BAF-7E7B1D7B41DF}
	EndGlobalSection
EndGlobal
