
Microsoft Visual Studio Solution File, Format Version 12.00
# Visual Studio Version 16
VisualStudioVersion = 16.0.30717.126
MinimumVisualStudioVersion = 10.0.40219.1
Project("{FAE04EC0-301F-11D3-BF4B-00C04F79EFBC}") = "dotnet-wechaty-getting-started", "dotnet-wechaty-getting-started\dotnet-wechaty-getting-started.csproj", "{1EF183BA-28C4-41DB-A249-CAA749DC359A}"
EndProject
Global
	GlobalSection(SolutionConfigurationPlatforms) = preSolution
		Debug|Any CPU = Debug|Any CPU
		Release|Any CPU = Release|Any CPU
	EndGlobalSection
	GlobalSection(ProjectConfigurationPlatforms) = postSolution
		{1EF183BA-28C4-41DB-A249-CAA749DC359A}.Debug|Any CPU.ActiveCfg = Debug|Any CPU
		{1EF183BA-28C4-41DB-A249-CAA749DC359A}.Debug|Any CPU.Build.0 = Debug|Any CPU
		{1EF183BA-28C4-41DB-A249-CAA749DC359A}.Release|Any CPU.ActiveCfg = Release|Any CPU
		{1EF183BA-28C4-41DB-A249-CAA749DC359A}.Release|Any CPU.Build.0 = Release|Any CPU
	EndGlobalSection
	GlobalSection(SolutionProperties) = preSolution
		HideSolutionNode = FALSE
	EndGlobalSection
	GlobalSection(ExtensibilityGlobals) = postSolution
		SolutionGuid = {8D3B4F28-5E92-48F0-9EDC-16D7C663B6A2}
	EndGlobalSection
EndGlobal
